
Microsoft Visual Studio Solution File, Format Version 12.00
# Visual Studio Version 16
VisualStudioVersion = 25.0.1705.5
MinimumVisualStudioVersion = 10.0.40219.1
Project("{FAE04EC0-301F-11D3-BF4B-00C04F79EFBC}") = "MeshQuadrangulation", "MeshQuadrangulation\MeshQuadrangulation.csproj", "{4A86B317-4F52-4727-B783-01E3DA6FA5BD}"
EndProject
Project("{FAE04EC0-301F-11D3-BF4B-00C04F79EFBC}") = "MeshGraphLib", "MeshGraphLib\MeshGraphLib.csproj", "{34008592-5693-4494-90E2-F9362F088201}"
EndProject
Global
	GlobalSection(SolutionConfigurationPlatforms) = preSolution
		Debug|Any CPU = Debug|Any CPU
		Release|Any CPU = Release|Any CPU
	EndGlobalSection
	GlobalSection(ProjectConfigurationPlatforms) = postSolution
		{4A86B317-4F52-4727-B783-01E3DA6FA5BD}.Debug|Any CPU.ActiveCfg = Debug|Any CPU
		{4A86B317-4F52-4727-B783-01E3DA6FA5BD}.Debug|Any CPU.Build.0 = Debug|Any CPU
		{4A86B317-4F52-4727-B783-01E3DA6FA5BD}.Release|Any CPU.ActiveCfg = Release|Any CPU
		{4A86B317-4F52-4727-B783-01E3DA6FA5BD}.Release|Any CPU.Build.0 = Release|Any CPU
		{34008592-5693-4494-90E2-F9362F088201}.Debug|Any CPU.ActiveCfg = Debug|Any CPU
		{34008592-5693-4494-90E2-F9362F088201}.Debug|Any CPU.Build.0 = Debug|Any CPU
		{34008592-5693-4494-90E2-F9362F088201}.Release|Any CPU.ActiveCfg = Release|Any CPU
		{34008592-5693-4494-90E2-F9362F088201}.Release|Any CPU.Build.0 = Release|Any CPU
	EndGlobalSection
	GlobalSection(SolutionProperties) = preSolution
		HideSolutionNode = FALSE
	EndGlobalSection
	GlobalSection(ExtensibilityGlobals) = postSolution
		SolutionGuid = {1A4F1911-BD91-41FC-B1E8-13E5424DFEA5}
	EndGlobalSection
EndGlobal
